
Microsoft Visual Studio Solution File, Format Version 12.00
# Visual Studio Version 16
VisualStudioVersion = 16.0.30204.135
MinimumVisualStudioVersion = 10.0.40219.1
Project("{FAE04EC0-301F-11D3-BF4B-00C04F79EFBC}") = "DemoASP", "DemoASP\DemoASP.csproj", "{305F9506-3F04-406E-ACFB-EB769081A755}"
EndProject
Global
	GlobalSection(SolutionConfigurationPlatforms) = preSolution
		Debug|Any CPU = Debug|Any CPU
		Release|Any CPU = Release|Any CPU
	EndGlobalSection
	GlobalSection(ProjectConfigurationPlatforms) = postSolution
		{305F9506-3F04-406E-ACFB-EB769081A755}.Debug|Any CPU.ActiveCfg = Debug|Any CPU
		{305F9506-3F04-406E-ACFB-EB769081A755}.Debug|Any CPU.Build.0 = Debug|Any CPU
		{305F9506-3F04-406E-ACFB-EB769081A755}.Release|Any CPU.ActiveCfg = Release|Any CPU
		{305F9506-3F04-406E-ACFB-EB769081A755}.Release|Any CPU.Build.0 = Release|Any CPU
	EndGlobalSection
	GlobalSection(SolutionProperties) = preSolution
		HideSolutionNode = FALSE
	EndGlobalSection
	GlobalSection(ExtensibilityGlobals) = postSolution
		SolutionGuid = {2D5FBB94-83D8-4FC2-98AE-9CCD18E42077}
	EndGlobalSection
EndGlobal
