
Microsoft Visual Studio Solution File, Format Version 12.00
# Visual Studio Version 16
VisualStudioVersion = 16.0.30204.135
MinimumVisualStudioVersion = 10.0.40219.1
Project("{FAE04EC0-301F-11D3-BF4B-00C04F79EFBC}") = "ASPSecurity", "ASPSecurity\ASPSecurity.csproj", "{C1BC5D61-D641-4410-B053-612EC412B9AF}"
EndProject
Global
	GlobalSection(SolutionConfigurationPlatforms) = preSolution
		Debug|Any CPU = Debug|Any CPU
		Release|Any CPU = Release|Any CPU
	EndGlobalSection
	GlobalSection(ProjectConfigurationPlatforms) = postSolution
		{C1BC5D61-D641-4410-B053-612EC412B9AF}.Debug|Any CPU.ActiveCfg = Debug|Any CPU
		{C1BC5D61-D641-4410-B053-612EC412B9AF}.Debug|Any CPU.Build.0 = Debug|Any CPU
		{C1BC5D61-D641-4410-B053-612EC412B9AF}.Release|Any CPU.ActiveCfg = Release|Any CPU
		{C1BC5D61-D641-4410-B053-612EC412B9AF}.Release|Any CPU.Build.0 = Release|Any CPU
	EndGlobalSection
	GlobalSection(SolutionProperties) = preSolution
		HideSolutionNode = FALSE
	EndGlobalSection
	GlobalSection(ExtensibilityGlobals) = postSolution
		SolutionGuid = {107AEDD6-1B97-4B77-84E9-3D408104F324}
	EndGlobalSection
EndGlobal
