
Microsoft Visual Studio Solution File, Format Version 12.00
# Visual Studio Version 16
VisualStudioVersion = 16.0.30204.135
MinimumVisualStudioVersion = 10.0.40219.1
Project("{FAE04EC0-301F-11D3-BF4B-00C04F79EFBC}") = "CookieASP", "CookieASP\CookieASP.csproj", "{81BD3B5A-72C8-412B-85C6-A960A88F2011}"
EndProject
Global
	GlobalSection(SolutionConfigurationPlatforms) = preSolution
		Debug|Any CPU = Debug|Any CPU
		Release|Any CPU = Release|Any CPU
	EndGlobalSection
	GlobalSection(ProjectConfigurationPlatforms) = postSolution
		{81BD3B5A-72C8-412B-85C6-A960A88F2011}.Debug|Any CPU.ActiveCfg = Debug|Any CPU
		{81BD3B5A-72C8-412B-85C6-A960A88F2011}.Debug|Any CPU.Build.0 = Debug|Any CPU
		{81BD3B5A-72C8-412B-85C6-A960A88F2011}.Release|Any CPU.ActiveCfg = Release|Any CPU
		{81BD3B5A-72C8-412B-85C6-A960A88F2011}.Release|Any CPU.Build.0 = Release|Any CPU
	EndGlobalSection
	GlobalSection(SolutionProperties) = preSolution
		HideSolutionNode = FALSE
	EndGlobalSection
	GlobalSection(ExtensibilityGlobals) = postSolution
		SolutionGuid = {7ADA2655-858E-426F-91EE-2F0249528928}
	EndGlobalSection
EndGlobal
